
Microsoft Visual Studio Solution File, Format Version 12.00
# Visual Studio Version 17
VisualStudioVersion = 17.3.32804.467
MinimumVisualStudioVersion = 10.0.40219.1
Project("{9A19103F-16F7-4668-BE54-9A1E7A4F7556}") = "Business", "Business\Business.csproj", "{90D1FD6F-3D40-4597-A12C-5BA745EC4724}"
EndProject
Project("{9A19103F-16F7-4668-BE54-9A1E7A4F7556}") = "DataAccess", "DataAccess\DataAccess.csproj", "{1DC1DC44-EAEC-4011-9BF6-0B13D0D95B68}"
EndProject
Project("{9A19103F-16F7-4668-BE54-9A1E7A4F7556}") = "Entities", "Entities\Entities.csproj", "{5175D8B8-9B80-4C9D-B7B6-1818761A9EDC}"
EndProject
Project("{9A19103F-16F7-4668-BE54-9A1E7A4F7556}") = "ConsoleUI", "ConsoleUI\ConsoleUI.csproj", "{101B7DD4-12B8-44DC-A157-52AECCEF2867}"
EndProject
Project("{FAE04EC0-301F-11D3-BF4B-00C04F79EFBC}") = "Core", "Core\Core.csproj", "{8E74A092-4D7C-4C97-A14A-C3C642E38A0B}"
EndProject
Global
	GlobalSection(SolutionConfigurationPlatforms) = preSolution
		Debug|Any CPU = Debug|Any CPU
		Release|Any CPU = Release|Any CPU
	EndGlobalSection
	GlobalSection(ProjectConfigurationPlatforms) = postSolution
		{90D1FD6F-3D40-4597-A12C-5BA745EC4724}.Debug|Any CPU.ActiveCfg = Debug|Any CPU
		{90D1FD6F-3D40-4597-A12C-5BA745EC4724}.Debug|Any CPU.Build.0 = Debug|Any CPU
		{90D1FD6F-3D40-4597-A12C-5BA745EC4724}.Release|Any CPU.ActiveCfg = Release|Any CPU
		{90D1FD6F-3D40-4597-A12C-5BA745EC4724}.Release|Any CPU.Build.0 = Release|Any CPU
		{1DC1DC44-EAEC-4011-9BF6-0B13D0D95B68}.Debug|Any CPU.ActiveCfg = Debug|Any CPU
		{1DC1DC44-EAEC-4011-9BF6-0B13D0D95B68}.Debug|Any CPU.Build.0 = Debug|Any CPU
		{1DC1DC44-EAEC-4011-9BF6-0B13D0D95B68}.Release|Any CPU.ActiveCfg = Release|Any CPU
		{1DC1DC44-EAEC-4011-9BF6-0B13D0D95B68}.Release|Any CPU.Build.0 = Release|Any CPU
		{5175D8B8-9B80-4C9D-B7B6-1818761A9EDC}.Debug|Any CPU.ActiveCfg = Debug|Any CPU
		{5175D8B8-9B80-4C9D-B7B6-1818761A9EDC}.Debug|Any CPU.Build.0 = Debug|Any CPU
		{5175D8B8-9B80-4C9D-B7B6-1818761A9EDC}.Release|Any CPU.ActiveCfg = Release|Any CPU
		{5175D8B8-9B80-4C9D-B7B6-1818761A9EDC}.Release|Any CPU.Build.0 = Release|Any CPU
		{101B7DD4-12B8-44DC-A157-52AECCEF2867}.Debug|Any CPU.ActiveCfg = Debug|Any CPU
		{101B7DD4-12B8-44DC-A157-52AECCEF2867}.Debug|Any CPU.Build.0 = Debug|Any CPU
		{101B7DD4-12B8-44DC-A157-52AECCEF2867}.Release|Any CPU.ActiveCfg = Release|Any CPU
		{101B7DD4-12B8-44DC-A157-52AECCEF2867}.Release|Any CPU.Build.0 = Release|Any CPU
		{8E74A092-4D7C-4C97-A14A-C3C642E38A0B}.Debug|Any CPU.ActiveCfg = Debug|Any CPU
		{8E74A092-4D7C-4C97-A14A-C3C642E38A0B}.Debug|Any CPU.Build.0 = Debug|Any CPU
		{8E74A092-4D7C-4C97-A14A-C3C642E38A0B}.Release|Any CPU.ActiveCfg = Release|Any CPU
		{8E74A092-4D7C-4C97-A14A-C3C642E38A0B}.Release|Any CPU.Build.0 = Release|Any CPU
	EndGlobalSection
	GlobalSection(SolutionProperties) = preSolution
		HideSolutionNode = FALSE
	EndGlobalSection
	GlobalSection(ExtensibilityGlobals) = postSolution
		SolutionGuid = {F113EA81-E012-4EE9-BB5C-CC171CF9C87B}
	EndGlobalSection
EndGlobal
